
Microsoft Visual Studio Solution File, Format Version 12.00
# Visual Studio 15
Project("{FAE04EC0-301F-11D3-BF4B-00C04F79EFBC}") = "Assembly-CSharp", "Assembly-CSharp.csproj", "{45E1F83A-16AE-1DC1-1D12-5B7D69422216}"
EndProject
Project("{FAE04EC0-301F-11D3-BF4B-00C04F79EFBC}") = "Assembly-CSharp-Editor", "Assembly-CSharp-Editor.csproj", "{B3AA80D7-4AAB-A8E1-FB9F-0FF0C8CFE91D}"
EndProject
Global
	GlobalSection(SolutionConfigurationPlatforms) = preSolution
		Debug|Any CPU = Debug|Any CPU
		Release|Any CPU = Release|Any CPU
	EndGlobalSection
	GlobalSection(ProjectConfigurationPlatforms) = postSolution
		{45E1F83A-16AE-1DC1-1D12-5B7D69422216}.Debug|Any CPU.ActiveCfg = Debug|Any CPU
		{45E1F83A-16AE-1DC1-1D12-5B7D69422216}.Debug|Any CPU.Build.0 = Debug|Any CPU
		{45E1F83A-16AE-1DC1-1D12-5B7D69422216}.Release|Any CPU.ActiveCfg = Release|Any CPU
		{45E1F83A-16AE-1DC1-1D12-5B7D69422216}.Release|Any CPU.Build.0 = Release|Any CPU
		{B3AA80D7-4AAB-A8E1-FB9F-0FF0C8CFE91D}.Debug|Any CPU.ActiveCfg = Debug|Any CPU
		{B3AA80D7-4AAB-A8E1-FB9F-0FF0C8CFE91D}.Debug|Any CPU.Build.0 = Debug|Any CPU
		{B3AA80D7-4AAB-A8E1-FB9F-0FF0C8CFE91D}.Release|Any CPU.ActiveCfg = Release|Any CPU
		{B3AA80D7-4AAB-A8E1-FB9F-0FF0C8CFE91D}.Release|Any CPU.Build.0 = Release|Any CPU
	EndGlobalSection
	GlobalSection(SolutionProperties) = preSolution
		HideSolutionNode = FALSE
	EndGlobalSection
EndGlobal
